{
	"name": "sveltetelemedicine",
	"version": "0.0.1",
	"lockfileVersion": 3,
	"requires": true,
	"packages": {
		"": {
			"name": "sveltetelemedicine",
			"version": "0.0.1",
			"dependencies": {
				"@prisma/client": "^4.13.0",
				"sveltestrap": "^5.10.0"
			},
			"devDependencies": {
				"@sveltejs/adapter-auto": "^2.0.0",
				"@sveltejs/kit": "^1.5.0",
				"prisma": "^4.13.0",
				"svelte": "^3.54.0",
				"vite": "^4.2.0"
			}
		},
		"node_modules/@esbuild/win32-x64": {
			"version": "0.17.17",
			"resolved": "https://registry.npmjs.org/@esbuild/win32-x64/-/win32-x64-0.17.17.tgz",
			"integrity": "sha512-FNZw7H3aqhF9OyRQbDDnzUApDXfC1N6fgBhkqEO2jvYCJ+DxMTfZVqg3AX0R1khg1wHTBRD5SdcibSJ+XF6bFg==",
			"cpu": [
				"x64"
			],
			"dev": true,
			"license": "MIT",
			"optional": true,
			"os": [
				"win32"
			],
			"engines": {
				"node": ">=12"
			}
		},
		"node_modules/@jridgewell/sourcemap-codec": {
			"version": "1.4.15",
			"resolved": "https://registry.npmjs.org/@jridgewell/sourcemap-codec/-/sourcemap-codec-1.4.15.tgz",
			"integrity": "sha512-eF2rxCRulEKXHTRiDrDy6erMYWqNw4LPdQ8UQA4huuxaQsVeRPFl2oM8oDGxMFhJUWZf9McpLtJasDDZb/Bpeg==",
			"dev": true,
			"license": "MIT"
		},
		"node_modules/@polka/url": {
			"version": "1.0.0-next.21",
			"resolved": "https://registry.npmjs.org/@polka/url/-/url-1.0.0-next.21.tgz",
			"integrity": "sha512-a5Sab1C4/icpTZVzZc5Ghpz88yQtGOyNqYXcZgOssB2uuAr+wF/MvN6bgtW32q7HHrvBki+BsZ0OuNv6EV3K9g==",
			"dev": true,
			"license": "MIT"
		},
		"node_modules/@popperjs/core": {
			"version": "2.11.7",
			"resolved": "https://registry.npmjs.org/@popperjs/core/-/core-2.11.7.tgz",
			"integrity": "sha512-Cr4OjIkipTtcXKjAsm8agyleBuDHvxzeBoa1v543lbv1YaIwQjESsVcmjiWiPEbC1FIeHOG/Op9kdCmAmiS3Kw==",
			"license": "MIT",
			"funding": {
				"type": "opencollective",
				"url": "https://opencollective.com/popperjs"
			}
		},
		"node_modules/@prisma/client": {
			"version": "4.13.0",
			"resolved": "https://registry.npmjs.org/@prisma/client/-/client-4.13.0.tgz",
			"integrity": "sha512-YaiiICcRB2hatxsbnfB66uWXjcRw3jsZdlAVxmx0cFcTc/Ad/sKdHCcWSnqyDX47vAewkjRFwiLwrOUjswVvmA==",
			"hasInstallScript": true,
			"dependencies": {
				"@prisma/engines-version": "4.13.0-50.1e7af066ee9cb95cf3a403c78d9aab3e6b04f37a"
			},
			"engines": {
				"node": ">=14.17"
			},
			"peerDependencies": {
				"prisma": "*"
			},
			"peerDependenciesMeta": {
				"prisma": {
					"optional": true
				}
			}
		},
		"node_modules/@prisma/engines": {
			"version": "4.13.0",
			"resolved": "https://registry.npmjs.org/@prisma/engines/-/engines-4.13.0.tgz",
			"integrity": "sha512-HrniowHRZXHuGT9XRgoXEaP2gJLXM5RMoItaY2PkjvuZ+iHc0Zjbm/302MB8YsPdWozAPHHn+jpFEcEn71OgPw==",
			"devOptional": true,
			"hasInstallScript": true,
			"license": "Apache-2.0"
		},
		"node_modules/@prisma/engines-version": {
			"version": "4.13.0-50.1e7af066ee9cb95cf3a403c78d9aab3e6b04f37a",
			"resolved": "https://registry.npmjs.org/@prisma/engines-version/-/engines-version-4.13.0-50.1e7af066ee9cb95cf3a403c78d9aab3e6b04f37a.tgz",
			"integrity": "sha512-fsQlbkhPJf08JOzKoyoD9atdUijuGBekwoOPZC3YOygXEml1MTtgXVpnUNchQlRSY82OQ6pSGQ9PxUe4arcSLQ=="
		},
		"node_modules/@sveltejs/adapter-auto": {
			"version": "2.0.0",
			"resolved": "https://registry.npmjs.org/@sveltejs/adapter-auto/-/adapter-auto-2.0.0.tgz",
			"integrity": "sha512-b+gkHFZgD771kgV3aO4avHFd7y1zhmMYy9i6xOK7m/rwmwaRO8gnF5zBc0Rgca80B2PMU1bKNxyBTHA14OzUAQ==",
			"dev": true,
			"license": "MIT",
			"dependencies": {
				"import-meta-resolve": "^2.2.0"
			},
			"peerDependencies": {
				"@sveltejs/kit": "^1.0.0"
			}
		},
		"node_modules/@sveltejs/kit": {
			"version": "1.15.7",
			"resolved": "https://registry.npmjs.org/@sveltejs/kit/-/kit-1.15.7.tgz",
			"integrity": "sha512-dgdKExsMJ16X3q8tEcuDlv+QIWAlJcf7IqCU2HWV13nmtTzwSA2n4VtEx9Gy5OGhH0SUAGNIupmlf0TdFSMXbw==",
			"dev": true,
			"hasInstallScript": true,
			"license": "MIT",
			"dependencies": {
				"@sveltejs/vite-plugin-svelte": "^2.0.0",
				"@types/cookie": "^0.5.1",
				"cookie": "^0.5.0",
				"devalue": "^4.3.0",
				"esm-env": "^1.0.0",
				"kleur": "^4.1.5",
				"magic-string": "^0.30.0",
				"mime": "^3.0.0",
				"sade": "^1.8.1",
				"set-cookie-parser": "^2.5.1",
				"sirv": "^2.0.2",
				"tiny-glob": "^0.2.9",
				"undici": "5.20.0"
			},
			"bin": {
				"svelte-kit": "svelte-kit.js"
			},
			"engines": {
				"node": "^16.14 || >=18"
			},
			"peerDependencies": {
				"svelte": "^3.54.0",
				"vite": "^4.0.0"
			}
		},
		"node_modules/@sveltejs/vite-plugin-svelte": {
			"version": "2.1.0",
			"resolved": "https://registry.npmjs.org/@sveltejs/vite-plugin-svelte/-/vite-plugin-svelte-2.1.0.tgz",
			"integrity": "sha512-Bc9A8mtTGlhTICdLL/aZ+jyHI3kwtkcXremOH5xwjbNNKOTOtY8nMyG8/oZ5KK8IuUfAn1WL58Bp2tofDJBW0w==",
			"dev": true,
			"license": "MIT",
			"dependencies": {
				"debug": "^4.3.4",
				"deepmerge": "^4.3.1",
				"kleur": "^4.1.5",
				"magic-string": "^0.30.0",
				"svelte-hmr": "^0.15.1",
				"vitefu": "^0.2.4"
			},
			"engines": {
				"node": "^14.18.0 || >= 16"
			},
			"peerDependencies": {
				"svelte": "^3.54.0",
				"vite": "^4.0.0"
			}
		},
		"node_modules/@types/cookie": {
			"version": "0.5.1",
			"resolved": "https://registry.npmjs.org/@types/cookie/-/cookie-0.5.1.tgz",
			"integrity": "sha512-COUnqfB2+ckwXXSFInsFdOAWQzCCx+a5hq2ruyj+Vjund94RJQd4LG2u9hnvJrTgunKAaax7ancBYlDrNYxA0g==",
			"dev": true,
			"license": "MIT"
		},
		"node_modules/busboy": {
			"version": "1.6.0",
			"resolved": "https://registry.npmjs.org/busboy/-/busboy-1.6.0.tgz",
			"integrity": "sha512-8SFQbg/0hQ9xy3UNTB0YEnsNBbWfhf7RtnzpL7TkBiTBRfrQ9Fxcnz7VJsleJpyp6rVLvXiuORqjlHi5q+PYuA==",
			"dev": true,
			"dependencies": {
				"streamsearch": "^1.1.0"
			},
			"engines": {
				"node": ">=10.16.0"
			}
		},
		"node_modules/cookie": {
			"version": "0.5.0",
			"resolved": "https://registry.npmjs.org/cookie/-/cookie-0.5.0.tgz",
			"integrity": "sha512-YZ3GUyn/o8gfKJlnlX7g7xq4gyO6OSuhGPKaaGssGB2qgDUS0gPgtTvoyZLTt9Ab6dC4hfc9dV5arkvc/OCmrw==",
			"dev": true,
			"license": "MIT",
			"engines": {
				"node": ">= 0.6"
			}
		},
		"node_modules/debug": {
			"version": "4.3.4",
			"resolved": "https://registry.npmjs.org/debug/-/debug-4.3.4.tgz",
			"integrity": "sha512-PRWFHuSU3eDtQJPvnNY7Jcket1j0t5OuOsFzPPzsekD52Zl8qUfFIPEiswXqIvHWGVHOgX+7G/vCNNhehwxfkQ==",
			"dev": true,
			"license": "MIT",
			"dependencies": {
				"ms": "2.1.2"
			},
			"engines": {
				"node": ">=6.0"
			},
			"peerDependenciesMeta": {
				"supports-color": {
					"optional": true
				}
			}
		},
		"node_modules/deepmerge": {
			"version": "4.3.1",
			"resolved": "https://registry.npmjs.org/deepmerge/-/deepmerge-4.3.1.tgz",
			"integrity": "sha512-3sUqbMEc77XqpdNO7FRyRog+eW3ph+GYCbj+rK+uYyRMuwsVy0rMiVtPn+QJlKFvWP/1PYpapqYn0Me2knFn+A==",
			"dev": true,
			"license": "MIT",
			"engines": {
				"node": ">=0.10.0"
			}
		},
		"node_modules/devalue": {
			"version": "4.3.0",
			"resolved": "https://registry.npmjs.org/devalue/-/devalue-4.3.0.tgz",
			"integrity": "sha512-n94yQo4LI3w7erwf84mhRUkUJfhLoCZiLyoOZ/QFsDbcWNZePrLwbQpvZBUG2TNxwV3VjCKPxkiiQA6pe3TrTA==",
			"dev": true,
			"license": "MIT"
		},
		"node_modules/esbuild": {
			"version": "0.17.17",
			"resolved": "https://registry.npmjs.org/esbuild/-/esbuild-0.17.17.tgz",
			"integrity": "sha512-/jUywtAymR8jR4qsa2RujlAF7Krpt5VWi72Q2yuLD4e/hvtNcFQ0I1j8m/bxq238pf3/0KO5yuXNpuLx8BE1KA==",
			"dev": true,
			"hasInstallScript": true,
			"license": "MIT",
			"bin": {
				"esbuild": "bin/esbuild"
			},
			"engines": {
				"node": ">=12"
			},
			"optionalDependencies": {
				"@esbuild/android-arm": "0.17.17",
				"@esbuild/android-arm64": "0.17.17",
				"@esbuild/android-x64": "0.17.17",
				"@esbuild/darwin-arm64": "0.17.17",
				"@esbuild/darwin-x64": "0.17.17",
				"@esbuild/freebsd-arm64": "0.17.17",
				"@esbuild/freebsd-x64": "0.17.17",
				"@esbuild/linux-arm": "0.17.17",
				"@esbuild/linux-arm64": "0.17.17",
				"@esbuild/linux-ia32": "0.17.17",
				"@esbuild/linux-loong64": "0.17.17",
				"@esbuild/linux-mips64el": "0.17.17",
				"@esbuild/linux-ppc64": "0.17.17",
				"@esbuild/linux-riscv64": "0.17.17",
				"@esbuild/linux-s390x": "0.17.17",
				"@esbuild/linux-x64": "0.17.17",
				"@esbuild/netbsd-x64": "0.17.17",
				"@esbuild/openbsd-x64": "0.17.17",
				"@esbuild/sunos-x64": "0.17.17",
				"@esbuild/win32-arm64": "0.17.17",
				"@esbuild/win32-ia32": "0.17.17",
				"@esbuild/win32-x64": "0.17.17"
			}
		},
		"node_modules/esm-env": {
			"version": "1.0.0",
			"resolved": "https://registry.npmjs.org/esm-env/-/esm-env-1.0.0.tgz",
			"integrity": "sha512-Cf6VksWPsTuW01vU9Mk/3vRue91Zevka5SjyNf3nEpokFRuqt/KjUQoGAwq9qMmhpLTHmXzSIrFRw8zxWzmFBA==",
			"dev": true,
			"license": "MIT"
		},
		"node_modules/globalyzer": {
			"version": "0.1.0",
			"resolved": "https://registry.npmjs.org/globalyzer/-/globalyzer-0.1.0.tgz",
			"integrity": "sha512-40oNTM9UfG6aBmuKxk/giHn5nQ8RVz/SS4Ir6zgzOv9/qC3kKZ9v4etGTcJbEl/NyVQH7FGU7d+X1egr57Md2Q==",
			"dev": true,
			"license": "MIT"
		},
		"node_modules/globrex": {
			"version": "0.1.2",
			"resolved": "https://registry.npmjs.org/globrex/-/globrex-0.1.2.tgz",
			"integrity": "sha512-uHJgbwAMwNFf5mLst7IWLNg14x1CkeqglJb/K3doi4dw6q2IvAAmM/Y81kevy83wP+Sst+nutFTYOGg3d1lsxg==",
			"dev": true,
			"license": "MIT"
		},
		"node_modules/import-meta-resolve": {
			"version": "2.2.2",
			"resolved": "https://registry.npmjs.org/import-meta-resolve/-/import-meta-resolve-2.2.2.tgz",
			"integrity": "sha512-f8KcQ1D80V7RnqVm+/lirO9zkOxjGxhaTC1IPrBGd3MEfNgmNG67tSUO9gTi2F3Blr2Az6g1vocaxzkVnWl9MA==",
			"dev": true,
			"license": "MIT",
			"funding": {
				"type": "github",
				"url": "https://github.com/sponsors/wooorm"
			}
		},
		"node_modules/kleur": {
			"version": "4.1.5",
			"resolved": "https://registry.npmjs.org/kleur/-/kleur-4.1.5.tgz",
			"integrity": "sha512-o+NO+8WrRiQEE4/7nwRJhN1HWpVmJm511pBHUxPLtp0BUISzlBplORYSmTclCnJvQq2tKu/sgl3xVpkc7ZWuQQ==",
			"dev": true,
			"license": "MIT",
			"engines": {
				"node": ">=6"
			}
		},
		"node_modules/magic-string": {
			"version": "0.30.0",
			"resolved": "https://registry.npmjs.org/magic-string/-/magic-string-0.30.0.tgz",
			"integrity": "sha512-LA+31JYDJLs82r2ScLrlz1GjSgu66ZV518eyWT+S8VhyQn/JL0u9MeBOvQMGYiPk1DBiSN9DDMOcXvigJZaViQ==",
			"dev": true,
			"license": "MIT",
			"dependencies": {
				"@jridgewell/sourcemap-codec": "^1.4.13"
			},
			"engines": {
				"node": ">=12"
			}
		},
		"node_modules/mime": {
			"version": "3.0.0",
			"resolved": "https://registry.npmjs.org/mime/-/mime-3.0.0.tgz",
			"integrity": "sha512-jSCU7/VB1loIWBZe14aEYHU/+1UMEHoaO7qxCOVJOw9GgH72VAWppxNcjU+x9a2k3GSIBXNKxXQFqRvvZ7vr3A==",
			"dev": true,
			"license": "MIT",
			"bin": {
				"mime": "cli.js"
			},
			"engines": {
				"node": ">=10.0.0"
			}
		},
		"node_modules/mri": {
			"version": "1.2.0",
			"resolved": "https://registry.npmjs.org/mri/-/mri-1.2.0.tgz",
			"integrity": "sha512-tzzskb3bG8LvYGFF/mDTpq3jpI6Q9wc3LEmBaghu+DdCssd1FakN7Bc0hVNmEyGq1bq3RgfkCb3cmQLpNPOroA==",
			"dev": true,
			"license": "MIT",
			"engines": {
				"node": ">=4"
			}
		},
		"node_modules/mrmime": {
			"version": "1.0.1",
			"resolved": "https://registry.npmjs.org/mrmime/-/mrmime-1.0.1.tgz",
			"integrity": "sha512-hzzEagAgDyoU1Q6yg5uI+AorQgdvMCur3FcKf7NhMKWsaYg+RnbTyHRa/9IlLF9rf455MOCtcqqrQQ83pPP7Uw==",
			"dev": true,
			"license": "MIT",
			"engines": {
				"node": ">=10"
			}
		},
		"node_modules/ms": {
			"version": "2.1.2",
			"resolved": "https://registry.npmjs.org/ms/-/ms-2.1.2.tgz",
			"integrity": "sha512-sGkPx+VjMtmA6MX27oA4FBFELFCZZ4S4XqeGOXCv68tT+jb3vk/RyaKWP0PTKyWtmLSM0b+adUTEvbs1PEaH2w==",
			"dev": true,
			"license": "MIT"
		},
		"node_modules/nanoid": {
			"version": "3.3.6",
			"resolved": "https://registry.npmjs.org/nanoid/-/nanoid-3.3.6.tgz",
			"integrity": "sha512-BGcqMMJuToF7i1rt+2PWSNVnWIkGCU78jBG3RxO/bZlnZPK2Cmi2QaffxGO/2RvWi9sL+FAiRiXMgsyxQ1DIDA==",
			"dev": true,
			"funding": [
				{
					"type": "github",
					"url": "https://github.com/sponsors/ai"
				}
			],
			"license": "MIT",
			"bin": {
				"nanoid": "bin/nanoid.cjs"
			},
			"engines": {
				"node": "^10 || ^12 || ^13.7 || ^14 || >=15.0.1"
			}
		},
		"node_modules/picocolors": {
			"version": "1.0.0",
			"resolved": "https://registry.npmjs.org/picocolors/-/picocolors-1.0.0.tgz",
			"integrity": "sha512-1fygroTLlHu66zi26VoTDv8yRgm0Fccecssto+MhsZ0D/DGW2sm8E8AjW7NU5VVTRt5GxbeZ5qBuJr+HyLYkjQ==",
			"dev": true,
			"license": "ISC"
		},
		"node_modules/postcss": {
			"version": "8.4.23",
			"resolved": "https://registry.npmjs.org/postcss/-/postcss-8.4.23.tgz",
			"integrity": "sha512-bQ3qMcpF6A/YjR55xtoTr0jGOlnPOKAIMdOWiv0EIT6HVPEaJiJB4NLljSbiHoC2RX7DN5Uvjtpbg1NPdwv1oA==",
			"dev": true,
			"funding": [
				{
					"type": "opencollective",
					"url": "https://opencollective.com/postcss/"
				},
				{
					"type": "tidelift",
					"url": "https://tidelift.com/funding/github/npm/postcss"
				},
				{
					"type": "github",
					"url": "https://github.com/sponsors/ai"
				}
			],
			"license": "MIT",
			"dependencies": {
				"nanoid": "^3.3.6",
				"picocolors": "^1.0.0",
				"source-map-js": "^1.0.2"
			},
			"engines": {
				"node": "^10 || ^12 || >=14"
			}
		},
		"node_modules/prisma": {
			"version": "4.13.0",
			"resolved": "https://registry.npmjs.org/prisma/-/prisma-4.13.0.tgz",
			"integrity": "sha512-L9mqjnSmvWIRCYJ9mQkwCtj4+JDYYTdhoyo8hlsHNDXaZLh/b4hR0IoKIBbTKxZuyHQzLopb/+0Rvb69uGV7uA==",
			"devOptional": true,
			"hasInstallScript": true,
			"license": "Apache-2.0",
			"dependencies": {
				"@prisma/engines": "4.13.0"
			},
			"bin": {
				"prisma": "build/index.js",
				"prisma2": "build/index.js"
			},
			"engines": {
				"node": ">=14.17"
			}
		},
		"node_modules/rollup": {
			"version": "3.20.7",
			"resolved": "https://registry.npmjs.org/rollup/-/rollup-3.20.7.tgz",
			"integrity": "sha512-P7E2zezKSLhWnTz46XxjSmInrbOCiul1yf+kJccMxT56vxjHwCbDfoLbiqFgu+WQoo9ij2PkraYaBstgB2prBA==",
			"dev": true,
			"license": "MIT",
			"bin": {
				"rollup": "dist/bin/rollup"
			},
			"engines": {
				"node": ">=14.18.0",
				"npm": ">=8.0.0"
			},
			"optionalDependencies": {
				"fsevents": "~2.3.2"
			}
		},
		"node_modules/sade": {
			"version": "1.8.1",
			"resolved": "https://registry.npmjs.org/sade/-/sade-1.8.1.tgz",
			"integrity": "sha512-xal3CZX1Xlo/k4ApwCFrHVACi9fBqJ7V+mwhBsuf/1IOKbBy098Fex+Wa/5QMubw09pSZ/u8EY8PWgevJsXp1A==",
			"dev": true,
			"license": "MIT",
			"dependencies": {
				"mri": "^1.1.0"
			},
			"engines": {
				"node": ">=6"
			}
		},
		"node_modules/set-cookie-parser": {
			"version": "2.6.0",
			"resolved": "https://registry.npmjs.org/set-cookie-parser/-/set-cookie-parser-2.6.0.tgz",
			"integrity": "sha512-RVnVQxTXuerk653XfuliOxBP81Sf0+qfQE73LIYKcyMYHG94AuH0kgrQpRDuTZnSmjpysHmzxJXKNfa6PjFhyQ==",
			"dev": true,
			"license": "MIT"
		},
		"node_modules/sirv": {
			"version": "2.0.2",
			"resolved": "https://registry.npmjs.org/sirv/-/sirv-2.0.2.tgz",
			"integrity": "sha512-4Qog6aE29nIjAOKe/wowFTxOdmbEZKb+3tsLljaBRzJwtqto0BChD2zzH0LhgCSXiI+V7X+Y45v14wBZQ1TK3w==",
			"dev": true,
			"license": "MIT",
			"dependencies": {
				"@polka/url": "^1.0.0-next.20",
				"mrmime": "^1.0.0",
				"totalist": "^3.0.0"
			},
			"engines": {
				"node": ">= 10"
			}
		},
		"node_modules/source-map-js": {
			"version": "1.0.2",
			"resolved": "https://registry.npmjs.org/source-map-js/-/source-map-js-1.0.2.tgz",
			"integrity": "sha512-R0XvVJ9WusLiqTCEiGCmICCMplcCkIwwR11mOSD9CR5u+IXYdiseeEuXCVAjS54zqwkLcPNnmU4OeJ6tUrWhDw==",
			"dev": true,
			"license": "BSD-3-Clause",
			"engines": {
				"node": ">=0.10.0"
			}
		},
		"node_modules/streamsearch": {
			"version": "1.1.0",
			"resolved": "https://registry.npmjs.org/streamsearch/-/streamsearch-1.1.0.tgz",
			"integrity": "sha512-Mcc5wHehp9aXz1ax6bZUyY5afg9u2rv5cqQI3mRrYkGC8rW2hM02jWuwjtL++LS5qinSyhj2QfLyNsuc+VsExg==",
			"dev": true,
			"engines": {
				"node": ">=10.0.0"
			}
		},
		"node_modules/svelte": {
			"version": "3.58.0",
			"resolved": "https://registry.npmjs.org/svelte/-/svelte-3.58.0.tgz",
			"integrity": "sha512-brIBNNB76mXFmU/Kerm4wFnkskBbluBDCjx/8TcpYRb298Yh2dztS2kQ6bhtjMcvUhd5ynClfwpz5h2gnzdQ1A==",
			"license": "MIT",
			"engines": {
				"node": ">= 8"
			}
		},
		"node_modules/svelte-hmr": {
			"version": "0.15.1",
			"resolved": "https://registry.npmjs.org/svelte-hmr/-/svelte-hmr-0.15.1.tgz",
			"integrity": "sha512-BiKB4RZ8YSwRKCNVdNxK/GfY+r4Kjgp9jCLEy0DuqAKfmQtpL38cQK3afdpjw4sqSs4PLi3jIPJIFp259NkZtA==",
			"dev": true,
			"license": "ISC",
			"engines": {
				"node": "^12.20 || ^14.13.1 || >= 16"
			},
			"peerDependencies": {
				"svelte": ">=3.19.0"
			}
		},
		"node_modules/sveltestrap": {
			"version": "5.10.0",
			"resolved": "https://registry.npmjs.org/sveltestrap/-/sveltestrap-5.10.0.tgz",
			"integrity": "sha512-k6Ob+6G2AMYvBidXHBKM9W28fJqFHbmosqCe/NC8pv6TV7K+v47Yw+zmnLWkjqCzzmjkSLkL48SrHZrlWc9mYQ==",
			"dependencies": {
				"@popperjs/core": "^2.9.2"
			},
			"peerDependencies": {
				"svelte": "^3.29.0"
			}
		},
		"node_modules/tiny-glob": {
			"version": "0.2.9",
			"resolved": "https://registry.npmjs.org/tiny-glob/-/tiny-glob-0.2.9.tgz",
			"integrity": "sha512-g/55ssRPUjShh+xkfx9UPDXqhckHEsHr4Vd9zX55oSdGZc/MD0m3sferOkwWtp98bv+kcVfEHtRJgBVJzelrzg==",
			"dev": true,
			"license": "MIT",
			"dependencies": {
				"globalyzer": "0.1.0",
				"globrex": "^0.1.2"
			}
		},
		"node_modules/totalist": {
			"version": "3.0.1",
			"resolved": "https://registry.npmjs.org/totalist/-/totalist-3.0.1.tgz",
			"integrity": "sha512-sf4i37nQ2LBx4m3wB74y+ubopq6W/dIzXg0FDGjsYnZHVa1Da8FH853wlL2gtUhg+xJXjfk3kUZS3BRoQeoQBQ==",
			"dev": true,
			"license": "MIT",
			"engines": {
				"node": ">=6"
			}
		},
		"node_modules/undici": {
			"version": "5.20.0",
			"resolved": "https://registry.npmjs.org/undici/-/undici-5.20.0.tgz",
			"integrity": "sha512-J3j60dYzuo6Eevbawwp1sdg16k5Tf768bxYK4TUJRH7cBM4kFCbf3mOnM/0E3vQYXvpxITbbWmBafaDbxLDz3g==",
			"dev": true,
			"license": "MIT",
			"dependencies": {
				"busboy": "^1.6.0"
			},
			"engines": {
				"node": ">=12.18"
			}
		},
		"node_modules/vite": {
			"version": "4.3.1",
			"resolved": "https://registry.npmjs.org/vite/-/vite-4.3.1.tgz",
			"integrity": "sha512-EPmfPLAI79Z/RofuMvkIS0Yr091T2ReUoXQqc5ppBX/sjFRhHKiPPF/R46cTdoci/XgeQpB23diiJxq5w30vdg==",
			"dev": true,
			"license": "MIT",
			"dependencies": {
				"esbuild": "^0.17.5",
				"postcss": "^8.4.21",
				"rollup": "^3.20.2"
			},
			"bin": {
				"vite": "bin/vite.js"
			},
			"engines": {
				"node": "^14.18.0 || >=16.0.0"
			},
			"optionalDependencies": {
				"fsevents": "~2.3.2"
			},
			"peerDependencies": {
				"@types/node": ">= 14",
				"less": "*",
				"sass": "*",
				"stylus": "*",
				"sugarss": "*",
				"terser": "^5.4.0"
			},
			"peerDependenciesMeta": {
				"@types/node": {
					"optional": true
				},
				"less": {
					"optional": true
				},
				"sass": {
					"optional": true
				},
				"stylus": {
					"optional": true
				},
				"sugarss": {
					"optional": true
				},
				"terser": {
					"optional": true
				}
			}
		},
		"node_modules/vitefu": {
			"version": "0.2.4",
			"resolved": "https://registry.npmjs.org/vitefu/-/vitefu-0.2.4.tgz",
			"integrity": "sha512-fanAXjSaf9xXtOOeno8wZXIhgia+CZury481LsDaV++lSvcU2R9Ch2bPh3PYFyoHW+w9LqAeYRISVQjUIew14g==",
			"dev": true,
			"license": "MIT",
			"peerDependencies": {
				"vite": "^3.0.0 || ^4.0.0"
			},
			"peerDependenciesMeta": {
				"vite": {
					"optional": true
				}
			}
		}
	}
}
